# THIS IS AN AUTOGENERATED FILE. DO NOT EDIT THIS FILE DIRECTLY.
# yarn lockfile v1


"@types/body-parser@*":
  version "1.17.1"
  resolved "https://registry.npmjs.org/@types/body-parser/-/body-parser-1.17.1.tgz"
  dependencies:
    "@types/connect" "*"
    "@types/node" "*"

"@types/connect-redis@^0.0.11":
  version "0.0.11"
  resolved "https://registry.npmjs.org/@types/connect-redis/-/connect-redis-0.0.11.tgz"
  dependencies:
    "@types/express" "*"
    "@types/express-session" "*"
    "@types/redis" "*"

"@types/connect@*":
  version "3.4.32"
  resolved "https://registry.npmjs.org/@types/connect/-/connect-3.4.32.tgz"
  dependencies:
    "@types/node" "*"

"@types/express-serve-static-core@*":
  version "4.16.9"
  resolved "https://registry.npmjs.org/@types/express-serve-static-core/-/express-serve-static-core-4.16.9.tgz"
  dependencies:
    "@types/node" "*"
    "@types/range-parser" "*"

"@types/express-session@*", "@types/express-session@^1.15.14":
  version "1.15.14"
  resolved "https://registry.npmjs.org/@types/express-session/-/express-session-1.15.14.tgz"
  dependencies:
    "@types/express" "*"
    "@types/node" "*"

"@types/express@*", "@types/express@^4.17.1":
  version "4.17.1"
  resolved "https://registry.npmjs.org/@types/express/-/express-4.17.1.tgz"
  dependencies:
    "@types/body-parser" "*"
    "@types/express-serve-static-core" "*"
    "@types/serve-static" "*"

"@types/mime@*":
  version "2.0.1"
  resolved "https://registry.npmjs.org/@types/mime/-/mime-2.0.1.tgz"

"@types/node@*":
  version "12.7.5"
  resolved "https://registry.npmjs.org/@types/node/-/node-12.7.5.tgz"

"@types/range-parser@*":
  version "1.2.3"
  resolved "https://registry.npmjs.org/@types/range-parser/-/range-parser-1.2.3.tgz"

"@types/redis@*", "@types/redis@^2.8.13":
  version "2.8.13"
  resolved "https://registry.npmjs.org/@types/redis/-/redis-2.8.13.tgz"
  dependencies:
    "@types/node" "*"

"@types/serve-static@*":
  version "1.13.3"
  resolved "https://registry.npmjs.org/@types/serve-static/-/serve-static-1.13.3.tgz"
  dependencies:
    "@types/express-serve-static-core" "*"
    "@types/mime" "*"

accepts@~1.3.7:
  version "1.3.7"
  resolved "https://registry.npmjs.org/accepts/-/accepts-1.3.7.tgz"
  dependencies:
    mime-types "~2.1.24"
    negotiator "0.6.2"

array-flatten@1.1.1:
  version "1.1.1"
  resolved "https://registry.npmjs.org/array-flatten/-/array-flatten-1.1.1.tgz"
  integrity "sha1-ml9pkFGx5wczKPKgCJaLZOopVdI= sha512-PCVAQswWemu6UdxsDFFX/+gVeYqKAod3D3UVm91jHwynguOwAvYPhx8nNlM++NqRcK6CxxpUafjmhIdKiHibqg=="

body-parser@1.19.0:
  version "1.19.0"
  resolved "https://registry.npmjs.org/body-parser/-/body-parser-1.19.0.tgz"
  dependencies:
    bytes "3.1.0"
    content-type "~1.0.4"
    debug "2.6.9"
    depd "~1.1.2"
    http-errors "1.7.2"
    iconv-lite "0.4.24"
    on-finished "~2.3.0"
    qs "6.7.0"
    raw-body "2.4.0"
    type-is "~1.6.17"

bytes@3.1.0:
  version "3.1.0"
  resolved "https://registry.npmjs.org/bytes/-/bytes-3.1.0.tgz"

connect-redis@^4.0.2:
  version "4.0.2"
  resolved "https://registry.npmjs.org/connect-redis/-/connect-redis-4.0.2.tgz"

content-disposition@0.5.3:
  version "0.5.3"
  resolved "https://registry.npmjs.org/content-disposition/-/content-disposition-0.5.3.tgz"
  dependencies:
    safe-buffer "5.1.2"

content-type@~1.0.4:
  version "1.0.4"
  resolved "https://registry.npmjs.org/content-type/-/content-type-1.0.4.tgz"

cookie-signature@1.0.6:
  version "1.0.6"
  resolved "https://registry.npmjs.org/cookie-signature/-/cookie-signature-1.0.6.tgz"
  integrity "sha1-4wOogrNCzD7oylE6eZmXNNqzriw= sha512-QADzlaHc8icV8I7vbaJXJwod9HWYp8uCqf1xa4OfNu1T7JVxQIrUgOWtHdNDtPiywmFbiS12VjotIXLrKM3orQ=="

cookie@0.3.1:
  version "0.3.1"
  resolved "https://registry.npmjs.org/cookie/-/cookie-0.3.1.tgz"
  integrity "sha1-5+Ch+e9DtMi6klxcWpboBtFoc7s= sha512-+IJOX0OqlHCszo2mBUq+SrEbCj6w7Kpffqx60zYbPTFaO4+yYgRjHwcZNpWvaTylDHaV7PPmBHzSecZiMhtPgw=="

cookie@0.4.0:
  version "0.4.0"
  resolved "https://registry.npmjs.org/cookie/-/cookie-0.4.0.tgz"

debug@2.6.9:
  version "2.6.9"
  resolved "https://registry.npmjs.org/debug/-/debug-2.6.9.tgz"
  dependencies:
    ms "2.0.0"

denque@^1.5.0:
  version "1.5.1"
  resolved "https://registry.yarnpkg.com/denque/-/denque-1.5.1.tgz#07f670e29c9a78f8faecb2566a1e2c11929c5cbf"

depd@~1.1.2:
  version "1.1.2"
  resolved "https://registry.npmjs.org/depd/-/depd-1.1.2.tgz"
  integrity "sha1-m81S4UwJd2PnSbJ0xDRu0uVgtak= sha512-7emPTl6Dpo6JRXOXjLRxck+FlLRX5847cLKEn00PLAgc3g2hTZZgr+e4c2v6QpSmLeFP3n5yUo7ft6avBK/5jQ=="

depd@~2.0.0:
  version "2.0.0"
  resolved "https://registry.npmjs.org/depd/-/depd-2.0.0.tgz"

destroy@~1.0.4:
  version "1.0.4"
  resolved "https://registry.npmjs.org/destroy/-/destroy-1.0.4.tgz"
  integrity "sha1-l4hXRCxEdJ5CBmE+N5RiBYJqvYA= sha512-3NdhDuEXnfun/z7x9GOElY49LoqVHoGScmOKwmxhsS8N5Y+Z8KyPPDnaSzqWgYt/ji4mqwfTS34Htrk0zPIXVg=="

ee-first@1.1.1:
  version "1.1.1"
  resolved "https://registry.npmjs.org/ee-first/-/ee-first-1.1.1.tgz"
  integrity "sha1-WQxhFWsK4vTwJVcyoViyZrxWsh0= sha512-WMwm9LhRUo+WUaRN+vRuETqG89IgZphVSNkdFgeb6sS/E4OrDIN7t48CAewSHXc6C8lefD8KKfr5vY61brQlow=="

encodeurl@~1.0.2:
  version "1.0.2"
  resolved "https://registry.npmjs.org/encodeurl/-/encodeurl-1.0.2.tgz"
  integrity "sha1-rT/0yG7C0CkyL1oCw6mmBslbP1k= sha512-TPJXq8JqFaVYm2CWmPvnP2Iyo4ZSM7/QKcSmuMLDObfpH5fi7RUGmd/rTDf+rut/saiDiQEeVTNgAmJEdAOx0w=="

escape-html@~1.0.3:
  version "1.0.3"
  resolved "https://registry.npmjs.org/escape-html/-/escape-html-1.0.3.tgz"
  integrity "sha1-Aljq5NPQwJdN4cFpGI7wBR0dGYg= sha512-NiSupZ4OeuGwr68lGIeym/ksIZMJodUGOSCZ/FSnTxcrekbvqrgdUxlJOMpijaKZVjAJrWrGs/6Jy8OMuyj9ow=="

etag@~1.8.1:
  version "1.8.1"
  resolved "https://registry.npmjs.org/etag/-/etag-1.8.1.tgz"
  integrity "sha1-Qa4u62XvpiJorr/qg6x9eSmbCIc= sha512-aIL5Fx7mawVa300al2BnEE4iNvo1qETxLrPI/o05L7z6go7fCw1J6EQmbK4FmJ2AS7kgVF/KEZWufBfdClMcPg=="

express-session@^1.16.2:
  version "1.16.2"
  resolved "https://registry.npmjs.org/express-session/-/express-session-1.16.2.tgz"
  dependencies:
    cookie "0.3.1"
    cookie-signature "1.0.6"
    debug "2.6.9"
    depd "~2.0.0"
    on-headers "~1.0.2"
    parseurl "~1.3.3"
    safe-buffer "5.1.2"
    uid-safe "~2.1.5"

express@^4.17.1:
  version "4.17.1"
  resolved "https://registry.npmjs.org/express/-/express-4.17.1.tgz"
  dependencies:
    accepts "~1.3.7"
    array-flatten "1.1.1"
    body-parser "1.19.0"
    content-disposition "0.5.3"
    content-type "~1.0.4"
    cookie "0.4.0"
    cookie-signature "1.0.6"
    debug "2.6.9"
    depd "~1.1.2"
    encodeurl "~1.0.2"
    escape-html "~1.0.3"
    etag "~1.8.1"
    finalhandler "~1.1.2"
    fresh "0.5.2"
    merge-descriptors "1.0.1"
    methods "~1.1.2"
    on-finished "~2.3.0"
    parseurl "~1.3.3"
    path-to-regexp "0.1.7"
    proxy-addr "~2.0.5"
    qs "6.7.0"
    range-parser "~1.2.1"
    safe-buffer "5.1.2"
    send "0.17.1"
    serve-static "1.14.1"
    setprototypeof "1.1.1"
    statuses "~1.5.0"
    type-is "~1.6.18"
    utils-merge "1.0.1"
    vary "~1.1.2"

finalhandler@~1.1.2:
  version "1.1.2"
  resolved "https://registry.npmjs.org/finalhandler/-/finalhandler-1.1.2.tgz"
  dependencies:
    debug "2.6.9"
    encodeurl "~1.0.2"
    escape-html "~1.0.3"
    on-finished "~2.3.0"
    parseurl "~1.3.3"
    statuses "~1.5.0"
    unpipe "~1.0.0"

forwarded@~0.1.2:
  version "0.1.2"
  resolved "https://registry.npmjs.org/forwarded/-/forwarded-0.1.2.tgz"
  integrity "sha1-mMI9qxF1ZXuMBXPozszZGw/xjIQ= sha512-Ua9xNhH0b8pwE3yRbFfXJvfdWF0UHNCdeyb2sbi9Ul/M+r3PTdrz7Cv4SCfZRMjmzEM9PhraqfZFbGTIg3OMyA=="

fresh@0.5.2:
  version "0.5.2"
  resolved "https://registry.npmjs.org/fresh/-/fresh-0.5.2.tgz"
  integrity "sha1-PYyt2Q2XZWn6g1qx+OSyOhBWBac= sha512-zJ2mQYM18rEFOudeV4GShTGIQ7RbzA7ozbU9I/XBpm7kqgMywgmylMwXHxZJmkVoYkna9d2pVXVXPdYTP9ej8Q=="

http-errors@1.7.2, http-errors@~1.7.2:
  version "1.7.2"
  resolved "https://registry.npmjs.org/http-errors/-/http-errors-1.7.2.tgz"
  dependencies:
    depd "~1.1.2"
    inherits "2.0.3"
    setprototypeof "1.1.1"
    statuses ">= 1.5.0 < 2"
    toidentifier "1.0.0"

iconv-lite@0.4.24:
  version "0.4.24"
  resolved "https://registry.npmjs.org/iconv-lite/-/iconv-lite-0.4.24.tgz"
  dependencies:
    safer-buffer ">= 2.1.2 < 3"

inherits@2.0.3:
  version "2.0.3"
  resolved "https://registry.npmjs.org/inherits/-/inherits-2.0.3.tgz"
  integrity "sha1-Yzwsg+PaQqUC9SRmAiSA9CCCYd4= sha512-x00IRNXNy63jwGkJmzPigoySHbaqpNuzKbBOmzK+g2OdZpQ9w+sxCN+VSB3ja7IAge2OP2qpfxTjeNcyjmW1uw=="

ipaddr.js@1.9.0:
  version "1.9.0"
  resolved "https://registry.npmjs.org/ipaddr.js/-/ipaddr.js-1.9.0.tgz"

media-typer@0.3.0:
  version "0.3.0"
  resolved "https://registry.npmjs.org/media-typer/-/media-typer-0.3.0.tgz"
  integrity "sha1-hxDXrwqmJvj/+hzgAWhUUmMlV0g= sha512-dq+qelQ9akHpcOl/gUVRTxVIOkAJ1wR3QAvb4RsVjS8oVoFjDGTc679wJYmUmknUF5HwMLOgb5O+a3KxfWapPQ=="

merge-descriptors@1.0.1:
  version "1.0.1"
  resolved "https://registry.npmjs.org/merge-descriptors/-/merge-descriptors-1.0.1.tgz"
  integrity "sha1-sAqqVW3YtEVoFQ7J0blT8/kMu2E= sha512-cCi6g3/Zr1iqQi6ySbseM1Xvooa98N0w31jzUYrXPX2xqObmFGHJ0tQ5u74H3mVh7wLouTseZyYIq39g8cNp1w=="

methods@~1.1.2:
  version "1.1.2"
  resolved "https://registry.npmjs.org/methods/-/methods-1.1.2.tgz"
  integrity "sha1-VSmk1nZUE07cxSZmVoNbD4Ua/O4= sha512-iclAHeNqNm68zFtnZ0e+1L2yUIdvzNoauKU4WBA3VvH/vPFieF7qfRlwUZU+DA9P9bPXIS90ulxoUoCH23sV2w=="

mime-db@1.40.0:
  version "1.40.0"
  resolved "https://registry.npmjs.org/mime-db/-/mime-db-1.40.0.tgz"

mime-types@~2.1.24:
  version "2.1.24"
  resolved "https://registry.npmjs.org/mime-types/-/mime-types-2.1.24.tgz"
  dependencies:
    mime-db "1.40.0"

mime@1.6.0:
  version "1.6.0"
  resolved "https://registry.npmjs.org/mime/-/mime-1.6.0.tgz"

ms@2.0.0:
  version "2.0.0"
  resolved "https://registry.npmjs.org/ms/-/ms-2.0.0.tgz"
  integrity "sha1-VgiurfwAvmwpAd9fmGF4jeDVl8g= sha512-Tpp60P6IUJDTuOq/5Z8cdskzJujfwqfOTkrwIwj7IRISpnkJnT6SyJ4PCPnGMoFjC9ddhal5KVIYtAt97ix05A=="

ms@2.1.1:
  version "2.1.1"
  resolved "https://registry.npmjs.org/ms/-/ms-2.1.1.tgz"

negotiator@0.6.2:
  version "0.6.2"
  resolved "https://registry.npmjs.org/negotiator/-/negotiator-0.6.2.tgz"

on-finished@~2.3.0:
  version "2.3.0"
  resolved "https://registry.npmjs.org/on-finished/-/on-finished-2.3.0.tgz"
  integrity "sha1-IPEzZIGwg811M3mSoWlxqi2QaUc= sha512-ikqdkGAAyf/X/gPhXGvfgAytDZtDbr+bkNUJ0N9h5MI/dmdgCs3l6hoHrcUv41sRKew3jIwrp4qQDXiK99Utww=="
  dependencies:
    ee-first "1.1.1"

on-headers@~1.0.2:
  version "1.0.2"
  resolved "https://registry.npmjs.org/on-headers/-/on-headers-1.0.2.tgz"

parseurl@~1.3.3:
  version "1.3.3"
  resolved "https://registry.npmjs.org/parseurl/-/parseurl-1.3.3.tgz"

path-to-regexp@0.1.7:
  version "0.1.7"
  resolved "https://registry.npmjs.org/path-to-regexp/-/path-to-regexp-0.1.7.tgz"
  integrity "sha1-32BBeABfUi8V60SQ5yR6G/qmf4w= sha512-5DFkuoqlv1uYQKxy8omFBeJPQcdoE07Kv2sferDCrAq1ohOU+MSDswDIbnx3YAM60qIOnYa53wBhXW0EbMonrQ=="

proxy-addr@~2.0.5:
  version "2.0.5"
  resolved "https://registry.npmjs.org/proxy-addr/-/proxy-addr-2.0.5.tgz"
  dependencies:
    forwarded "~0.1.2"
    ipaddr.js "1.9.0"

qs@6.7.0:
  version "6.7.0"
  resolved "https://registry.npmjs.org/qs/-/qs-6.7.0.tgz"

random-bytes@~1.0.0:
  version "1.0.0"
  resolved "https://registry.npmjs.org/random-bytes/-/random-bytes-1.0.0.tgz"
  integrity "sha1-T2ih3Arli9P7lYSMMDJNt11kNgs= sha512-iv7LhNVO047HzYR3InF6pUcUsPQiHTM1Qal51DcGSuZFBil1aBBWG5eHPNek7bvILMaYJ/8RU1e8w1AMdHmLQQ=="

range-parser@~1.2.1:
  version "1.2.1"
  resolved "https://registry.npmjs.org/range-parser/-/range-parser-1.2.1.tgz"

raw-body@2.4.0:
  version "2.4.0"
  resolved "https://registry.npmjs.org/raw-body/-/raw-body-2.4.0.tgz"
  dependencies:
    bytes "3.1.0"
    http-errors "1.7.2"
    iconv-lite "0.4.24"
    unpipe "1.0.0"

redis-commands@^1.7.0:
  version "1.7.0"
  resolved "https://registry.yarnpkg.com/redis-commands/-/redis-commands-1.7.0.tgz#15a6fea2d58281e27b1cd1acfb4b293e278c3a89"

redis-errors@^1.0.0, redis-errors@^1.2.0:
  version "1.2.0"
  resolved "https://registry.yarnpkg.com/redis-errors/-/redis-errors-1.2.0.tgz#eb62d2adb15e4eaf4610c04afe1529384250abad"

redis-parser@^3.0.0:
  version "3.0.0"
  resolved "https://registry.yarnpkg.com/redis-parser/-/redis-parser-3.0.0.tgz#b66d828cdcafe6b4b8a428a7def4c6bcac31c8b4"
  dependencies:
    redis-errors "^1.0.0"

redis@^3.1.1:
  version "3.1.1"
  resolved "https://registry.yarnpkg.com/redis/-/redis-3.1.1.tgz#a44bee7c072dcf685e139048d6a1a4d3b00f5d01"
  dependencies:
    denque "^1.5.0"
    redis-commands "^1.7.0"
    redis-errors "^1.2.0"
    redis-parser "^3.0.0"

safe-buffer@5.1.2:
  version "5.1.2"
  resolved "https://registry.npmjs.org/safe-buffer/-/safe-buffer-5.1.2.tgz"

"safer-buffer@>= 2.1.2 < 3":
  version "2.1.2"
  resolved "https://registry.npmjs.org/safer-buffer/-/safer-buffer-2.1.2.tgz"

send@0.17.1:
  version "0.17.1"
  resolved "https://registry.npmjs.org/send/-/send-0.17.1.tgz"
  dependencies:
    debug "2.6.9"
    depd "~1.1.2"
    destroy "~1.0.4"
    encodeurl "~1.0.2"
    escape-html "~1.0.3"
    etag "~1.8.1"
    fresh "0.5.2"
    http-errors "~1.7.2"
    mime "1.6.0"
    ms "2.1.1"
    on-finished "~2.3.0"
    range-parser "~1.2.1"
    statuses "~1.5.0"

serve-static@1.14.1:
  version "1.14.1"
  resolved "https://registry.npmjs.org/serve-static/-/serve-static-1.14.1.tgz"
  dependencies:
    encodeurl "~1.0.2"
    escape-html "~1.0.3"
    parseurl "~1.3.3"
    send "0.17.1"

setprototypeof@1.1.1:
  version "1.1.1"
  resolved "https://registry.npmjs.org/setprototypeof/-/setprototypeof-1.1.1.tgz"

"statuses@>= 1.5.0 < 2", statuses@~1.5.0:
  version "1.5.0"
  resolved "https://registry.npmjs.org/statuses/-/statuses-1.5.0.tgz"
  integrity "sha1-Fhx9rBd2Wf2YEfQ3cfqZOBR4Yow= sha512-OpZ3zP+jT1PI7I8nemJX4AKmAX070ZkYPVWV/AaKTJl+tXCTGyVdC1a4SL8RUQYEwk/f34ZX8UTykN68FwrqAA=="

toidentifier@1.0.0:
  version "1.0.0"
  resolved "https://registry.npmjs.org/toidentifier/-/toidentifier-1.0.0.tgz"

type-is@~1.6.17, type-is@~1.6.18:
  version "1.6.18"
  resolved "https://registry.npmjs.org/type-is/-/type-is-1.6.18.tgz"
  dependencies:
    media-typer "0.3.0"
    mime-types "~2.1.24"

typescript@^3.6.3:
  version "3.6.3"
  resolved "https://registry.npmjs.org/typescript/-/typescript-3.6.3.tgz"

uid-safe@~2.1.5:
  version "2.1.5"
  resolved "https://registry.npmjs.org/uid-safe/-/uid-safe-2.1.5.tgz"
  dependencies:
    random-bytes "~1.0.0"

unpipe@1.0.0, unpipe@~1.0.0:
  version "1.0.0"
  resolved "https://registry.npmjs.org/unpipe/-/unpipe-1.0.0.tgz"
  integrity "sha1-sr9O6FFKrmFltIF4KdIbLvSZBOw= sha512-pjy2bYhSsufwWlKwPc+l3cN7+wuJlK6uz0YdJEOlQDbl6jo/YlPi4mb8agUkVC8BF7V8NuzeyPNqRksA3hztKQ=="

utils-merge@1.0.1:
  version "1.0.1"
  resolved "https://registry.npmjs.org/utils-merge/-/utils-merge-1.0.1.tgz"
  integrity "sha1-n5VxD1CiZ5R7LMwSR0HBAoQn5xM= sha512-pMZTvIkT1d+TFGvDOqodOclx0QWkkgi6Tdoa8gC8ffGAAqz9pzPTZWAybbsHHoED/ztMtkv/VoYTYyShUn81hA=="

vary@~1.1.2:
  version "1.1.2"
  resolved "https://registry.npmjs.org/vary/-/vary-1.1.2.tgz"
  integrity "sha1-IpnwLG3tMNSllhsLn3RSShj2NPw= sha512-BNGbWLfd0eUPabhkXUVm0j8uuvREyTh5ovRa/dyow/BqAbZJyC+5fU+IzQOzmAKzYqYRAISoRhdQr3eIZ/PXqg=="
